
Microsoft Visual Studio Solution File, Format Version 12.00
# Visual Studio Version 17
VisualStudioVersion = 17.6.33815.320
MinimumVisualStudioVersion = 10.0.40219.1
Project("{2150E333-8FDC-42A3-9474-1A3956D46DE8}") = "src", "src", "{62B69D28-9932-45C7-9654-40FDA450DE8F}"
EndProject
Project("{2150E333-8FDC-42A3-9474-1A3956D46DE8}") = "Services", "Services", "{E15FD238-E348-4DFE-9697-3CE1BA8B2449}"
EndProject
Project("{2150E333-8FDC-42A3-9474-1A3956D46DE8}") = "BuildingBlocks", "BuildingBlocks", "{6C7B12AB-45E0-4214-A6B6-0034981E60E3}"
EndProject
Project("{2150E333-8FDC-42A3-9474-1A3956D46DE8}") = "Web", "Web", "{2971B35F-412B-4E77-8C48-14B8792A64CD}"
EndProject
Project("{2150E333-8FDC-42A3-9474-1A3956D46DE8}") = "Identity", "Identity", "{BE189347-F83F-4776-8B5E-FFC15B2A59B9}"
EndProject
Project("{2150E333-8FDC-42A3-9474-1A3956D46DE8}") = "MVC", "MVC", "{FA66DDEE-919F-4064-88D1-83ACAD894341}"
EndProject
Project("{9A19103F-16F7-4668-BE54-9A1E7A4F7556}") = "ECE.WebApp.MVC", "src\web\ECE.WebApp.MVC\ECE.WebApp.MVC.csproj", "{0E9CCB71-0AE7-4B36-8562-F6AFBBC1F69C}"
EndProject
Project("{2150E333-8FDC-42A3-9474-1A3956D46DE8}") = "Core", "Core", "{6CF4D457-EA2C-405A-A4A0-07E6AEE6BB65}"
EndProject
Project("{9A19103F-16F7-4668-BE54-9A1E7A4F7556}") = "ECE.Core", "src\buildingBlocks\ECE.Core\ECE.Core.csproj", "{F7B30D3B-B8A9-4DB5-B6D7-4780EBFBE64D}"
EndProject
Project("{2150E333-8FDC-42A3-9474-1A3956D46DE8}") = "Cart", "Cart", "{9941F6DA-293B-46FC-BE48-79BDC0E780A8}"
EndProject
Project("{2150E333-8FDC-42A3-9474-1A3956D46DE8}") = "Catalog", "Catalog", "{8E151ACC-2D74-497E-AC9C-3C6E50F3E5C3}"
EndProject
Project("{2150E333-8FDC-42A3-9474-1A3956D46DE8}") = "Customer", "Customer", "{38C03381-07AA-4BEF-B6D3-F1FA8058BD15}"
EndProject
Project("{2150E333-8FDC-42A3-9474-1A3956D46DE8}") = "Payment", "Payment", "{5E192DAA-37D5-48B5-891D-9086101EE306}"
EndProject
Project("{2150E333-8FDC-42A3-9474-1A3956D46DE8}") = "Order", "Order", "{34E54969-7E74-470F-9D8A-669276AD9B83}"
EndProject
Project("{9A19103F-16F7-4668-BE54-9A1E7A4F7556}") = "ECE.Identity.API", "src\services\ECE.Identity.API\ECE.Identity.API.csproj", "{1030AA1A-BFF6-4A04-9BE9-607B927DA495}"
EndProject
Project("{9A19103F-16F7-4668-BE54-9A1E7A4F7556}") = "ECE.Cart.API", "src\services\ECE.Cart.API\ECE.Cart.API.csproj", "{63F47B56-5BE3-4046-B280-ED3C6E611AA6}"
EndProject
Project("{9A19103F-16F7-4668-BE54-9A1E7A4F7556}") = "ECE.Catalog.API", "src\services\ECE.Catalog.API\ECE.Catalog.API.csproj", "{06F2B93E-EFAB-4715-A219-D36EC2D3F9AA}"
EndProject
Project("{9A19103F-16F7-4668-BE54-9A1E7A4F7556}") = "ECE.Customer.API", "src\services\ECE.Customer.API\ECE.Customer.API.csproj", "{6B22BCB8-9FA6-44EE-B195-4BFEEC66E7F8}"
EndProject
Project("{9A19103F-16F7-4668-BE54-9A1E7A4F7556}") = "ECE.Order.API", "src\services\ECE.Order.API\ECE.Order.API.csproj", "{E984FDC9-A58B-4C42-9DE1-CA6B1A8B4280}"
EndProject
Project("{9A19103F-16F7-4668-BE54-9A1E7A4F7556}") = "ECE.Payment.API", "src\services\ECE.Payment.API\ECE.Payment.API.csproj", "{BE1E58B5-7BC0-48C1-8487-70F0B6CBC198}"
EndProject
Project("{2150E333-8FDC-42A3-9474-1A3956D46DE8}") = "Services", "Services", "{5F271026-6147-4123-AFA5-4053CEB710D6}"
EndProject
Project("{9A19103F-16F7-4668-BE54-9A1E7A4F7556}") = "ECE.WebApi.Core", "src\buildingBlocks\ECE.WebApi.Core\ECE.WebApi.Core.csproj", "{3BDF4239-667A-4DF3-BD10-F8802D07802A}"
EndProject
Project("{2150E333-8FDC-42A3-9474-1A3956D46DE8}") = "MessageBus", "MessageBus", "{7F360168-648E-4C5A-A9CB-A9FC1DCCA8F1}"
EndProject
Project("{FAE04EC0-301F-11D3-BF4B-00C04F79EFBC}") = "ECE.MessageBus", "src\buildingBlocks\ECE.MessageBus\ECE.MessageBus.csproj", "{8AE3786F-5F6E-417A-A716-CFABF004DE0A}"
EndProject
Global
	GlobalSection(SolutionConfigurationPlatforms) = preSolution
		Debug|Any CPU = Debug|Any CPU
		Release|Any CPU = Release|Any CPU
	EndGlobalSection
	GlobalSection(ProjectConfigurationPlatforms) = postSolution
		{0E9CCB71-0AE7-4B36-8562-F6AFBBC1F69C}.Debug|Any CPU.ActiveCfg = Debug|Any CPU
		{0E9CCB71-0AE7-4B36-8562-F6AFBBC1F69C}.Debug|Any CPU.Build.0 = Debug|Any CPU
		{0E9CCB71-0AE7-4B36-8562-F6AFBBC1F69C}.Release|Any CPU.ActiveCfg = Release|Any CPU
		{0E9CCB71-0AE7-4B36-8562-F6AFBBC1F69C}.Release|Any CPU.Build.0 = Release|Any CPU
		{F7B30D3B-B8A9-4DB5-B6D7-4780EBFBE64D}.Debug|Any CPU.ActiveCfg = Debug|Any CPU
		{F7B30D3B-B8A9-4DB5-B6D7-4780EBFBE64D}.Debug|Any CPU.Build.0 = Debug|Any CPU
		{F7B30D3B-B8A9-4DB5-B6D7-4780EBFBE64D}.Release|Any CPU.ActiveCfg = Release|Any CPU
		{F7B30D3B-B8A9-4DB5-B6D7-4780EBFBE64D}.Release|Any CPU.Build.0 = Release|Any CPU
		{1030AA1A-BFF6-4A04-9BE9-607B927DA495}.Debug|Any CPU.ActiveCfg = Debug|Any CPU
		{1030AA1A-BFF6-4A04-9BE9-607B927DA495}.Debug|Any CPU.Build.0 = Debug|Any CPU
		{1030AA1A-BFF6-4A04-9BE9-607B927DA495}.Release|Any CPU.ActiveCfg = Release|Any CPU
		{1030AA1A-BFF6-4A04-9BE9-607B927DA495}.Release|Any CPU.Build.0 = Release|Any CPU
		{63F47B56-5BE3-4046-B280-ED3C6E611AA6}.Debug|Any CPU.ActiveCfg = Debug|Any CPU
		{63F47B56-5BE3-4046-B280-ED3C6E611AA6}.Debug|Any CPU.Build.0 = Debug|Any CPU
		{63F47B56-5BE3-4046-B280-ED3C6E611AA6}.Release|Any CPU.ActiveCfg = Release|Any CPU
		{63F47B56-5BE3-4046-B280-ED3C6E611AA6}.Release|Any CPU.Build.0 = Release|Any CPU
		{06F2B93E-EFAB-4715-A219-D36EC2D3F9AA}.Debug|Any CPU.ActiveCfg = Debug|Any CPU
		{06F2B93E-EFAB-4715-A219-D36EC2D3F9AA}.Debug|Any CPU.Build.0 = Debug|Any CPU
		{06F2B93E-EFAB-4715-A219-D36EC2D3F9AA}.Release|Any CPU.ActiveCfg = Release|Any CPU
		{06F2B93E-EFAB-4715-A219-D36EC2D3F9AA}.Release|Any CPU.Build.0 = Release|Any CPU
		{6B22BCB8-9FA6-44EE-B195-4BFEEC66E7F8}.Debug|Any CPU.ActiveCfg = Debug|Any CPU
		{6B22BCB8-9FA6-44EE-B195-4BFEEC66E7F8}.Debug|Any CPU.Build.0 = Debug|Any CPU
		{6B22BCB8-9FA6-44EE-B195-4BFEEC66E7F8}.Release|Any CPU.ActiveCfg = Release|Any CPU
		{6B22BCB8-9FA6-44EE-B195-4BFEEC66E7F8}.Release|Any CPU.Build.0 = Release|Any CPU
		{E984FDC9-A58B-4C42-9DE1-CA6B1A8B4280}.Debug|Any CPU.ActiveCfg = Debug|Any CPU
		{E984FDC9-A58B-4C42-9DE1-CA6B1A8B4280}.Debug|Any CPU.Build.0 = Debug|Any CPU
		{E984FDC9-A58B-4C42-9DE1-CA6B1A8B4280}.Release|Any CPU.ActiveCfg = Release|Any CPU
		{E984FDC9-A58B-4C42-9DE1-CA6B1A8B4280}.Release|Any CPU.Build.0 = Release|Any CPU
		{BE1E58B5-7BC0-48C1-8487-70F0B6CBC198}.Debug|Any CPU.ActiveCfg = Debug|Any CPU
		{BE1E58B5-7BC0-48C1-8487-70F0B6CBC198}.Debug|Any CPU.Build.0 = Debug|Any CPU
		{BE1E58B5-7BC0-48C1-8487-70F0B6CBC198}.Release|Any CPU.ActiveCfg = Release|Any CPU
		{BE1E58B5-7BC0-48C1-8487-70F0B6CBC198}.Release|Any CPU.Build.0 = Release|Any CPU
		{3BDF4239-667A-4DF3-BD10-F8802D07802A}.Debug|Any CPU.ActiveCfg = Debug|Any CPU
		{3BDF4239-667A-4DF3-BD10-F8802D07802A}.Debug|Any CPU.Build.0 = Debug|Any CPU
		{3BDF4239-667A-4DF3-BD10-F8802D07802A}.Release|Any CPU.ActiveCfg = Release|Any CPU
		{3BDF4239-667A-4DF3-BD10-F8802D07802A}.Release|Any CPU.Build.0 = Release|Any CPU
		{8AE3786F-5F6E-417A-A716-CFABF004DE0A}.Debug|Any CPU.ActiveCfg = Debug|Any CPU
		{8AE3786F-5F6E-417A-A716-CFABF004DE0A}.Debug|Any CPU.Build.0 = Debug|Any CPU
		{8AE3786F-5F6E-417A-A716-CFABF004DE0A}.Release|Any CPU.ActiveCfg = Release|Any CPU
		{8AE3786F-5F6E-417A-A716-CFABF004DE0A}.Release|Any CPU.Build.0 = Release|Any CPU
	EndGlobalSection
	GlobalSection(SolutionProperties) = preSolution
		HideSolutionNode = FALSE
	EndGlobalSection
	GlobalSection(NestedProjects) = preSolution
		{E15FD238-E348-4DFE-9697-3CE1BA8B2449} = {62B69D28-9932-45C7-9654-40FDA450DE8F}
		{6C7B12AB-45E0-4214-A6B6-0034981E60E3} = {62B69D28-9932-45C7-9654-40FDA450DE8F}
		{2971B35F-412B-4E77-8C48-14B8792A64CD} = {62B69D28-9932-45C7-9654-40FDA450DE8F}
		{BE189347-F83F-4776-8B5E-FFC15B2A59B9} = {E15FD238-E348-4DFE-9697-3CE1BA8B2449}
		{FA66DDEE-919F-4064-88D1-83ACAD894341} = {2971B35F-412B-4E77-8C48-14B8792A64CD}
		{0E9CCB71-0AE7-4B36-8562-F6AFBBC1F69C} = {FA66DDEE-919F-4064-88D1-83ACAD894341}
		{6CF4D457-EA2C-405A-A4A0-07E6AEE6BB65} = {6C7B12AB-45E0-4214-A6B6-0034981E60E3}
		{F7B30D3B-B8A9-4DB5-B6D7-4780EBFBE64D} = {6CF4D457-EA2C-405A-A4A0-07E6AEE6BB65}
		{9941F6DA-293B-46FC-BE48-79BDC0E780A8} = {E15FD238-E348-4DFE-9697-3CE1BA8B2449}
		{8E151ACC-2D74-497E-AC9C-3C6E50F3E5C3} = {E15FD238-E348-4DFE-9697-3CE1BA8B2449}
		{38C03381-07AA-4BEF-B6D3-F1FA8058BD15} = {E15FD238-E348-4DFE-9697-3CE1BA8B2449}
		{5E192DAA-37D5-48B5-891D-9086101EE306} = {E15FD238-E348-4DFE-9697-3CE1BA8B2449}
		{34E54969-7E74-470F-9D8A-669276AD9B83} = {E15FD238-E348-4DFE-9697-3CE1BA8B2449}
		{1030AA1A-BFF6-4A04-9BE9-607B927DA495} = {BE189347-F83F-4776-8B5E-FFC15B2A59B9}
		{63F47B56-5BE3-4046-B280-ED3C6E611AA6} = {9941F6DA-293B-46FC-BE48-79BDC0E780A8}
		{06F2B93E-EFAB-4715-A219-D36EC2D3F9AA} = {8E151ACC-2D74-497E-AC9C-3C6E50F3E5C3}
		{6B22BCB8-9FA6-44EE-B195-4BFEEC66E7F8} = {38C03381-07AA-4BEF-B6D3-F1FA8058BD15}
		{E984FDC9-A58B-4C42-9DE1-CA6B1A8B4280} = {34E54969-7E74-470F-9D8A-669276AD9B83}
		{BE1E58B5-7BC0-48C1-8487-70F0B6CBC198} = {5E192DAA-37D5-48B5-891D-9086101EE306}
		{5F271026-6147-4123-AFA5-4053CEB710D6} = {6C7B12AB-45E0-4214-A6B6-0034981E60E3}
		{3BDF4239-667A-4DF3-BD10-F8802D07802A} = {5F271026-6147-4123-AFA5-4053CEB710D6}
		{7F360168-648E-4C5A-A9CB-A9FC1DCCA8F1} = {6C7B12AB-45E0-4214-A6B6-0034981E60E3}
		{8AE3786F-5F6E-417A-A716-CFABF004DE0A} = {7F360168-648E-4C5A-A9CB-A9FC1DCCA8F1}
	EndGlobalSection
	GlobalSection(ExtensibilityGlobals) = postSolution
		SolutionGuid = {E7A419ED-6EDD-4754-A0BD-F7AA8B155B0B}
	EndGlobalSection
EndGlobal
